
Microsoft Visual Studio Solution File, Format Version 12.00
# Visual Studio Version 16
VisualStudioVersion = 16.0.30225.117
MinimumVisualStudioVersion = 10.0.40219.1
Project("{FAE04EC0-301F-11D3-BF4B-00C04F79EFBC}") = "NHL-API", "NHL-API.csproj", "{A2FF08A7-1E0E-4505-9D11-0BC3894C87CD}"
EndProject
Global
	GlobalSection(SolutionConfigurationPlatforms) = preSolution
		Debug|Any CPU = Debug|Any CPU
		Release|Any CPU = Release|Any CPU
	EndGlobalSection
	GlobalSection(ProjectConfigurationPlatforms) = postSolution
		{A2FF08A7-1E0E-4505-9D11-0BC3894C87CD}.Debug|Any CPU.ActiveCfg = Debug|Any CPU
		{A2FF08A7-1E0E-4505-9D11-0BC3894C87CD}.Debug|Any CPU.Build.0 = Debug|Any CPU
		{A2FF08A7-1E0E-4505-9D11-0BC3894C87CD}.Release|Any CPU.ActiveCfg = Release|Any CPU
		{A2FF08A7-1E0E-4505-9D11-0BC3894C87CD}.Release|Any CPU.Build.0 = Release|Any CPU
	EndGlobalSection
	GlobalSection(SolutionProperties) = preSolution
		HideSolutionNode = FALSE
	EndGlobalSection
	GlobalSection(ExtensibilityGlobals) = postSolution
		SolutionGuid = {4DFFCAB9-9682-4E4B-AD1C-5EFF70431304}
	EndGlobalSection
EndGlobal
